// !$*UTF8*$!
{
	archiveVersion = 1;
	classes = {
	};
	objectVersion = 55;
	objects = {

/* Begin PBXBuildFile section */
		8909FAE428735A0700F84927 /* AppDelegate.swift in Sources */ = {isa = PBXBuildFile; fileRef = 8909FAE328735A0700F84927 /* AppDelegate.swift */; };
		8909FAE628735A0700F84927 /* SceneDelegate.swift in Sources */ = {isa = PBXBuildFile; fileRef = 8909FAE528735A0700F84927 /* SceneDelegate.swift */; };
		8909FAE828735A0700F84927 /* WelcomeViewController.swift in Sources */ = {isa = PBXBuildFile; fileRef = 8909FAE728735A0700F84927 /* WelcomeViewController.swift */; };
		8909FAEB28735A0700F84927 /* Main.storyboard in Resources */ = {isa = PBXBuildFile; fileRef = 8909FAE928735A0700F84927 /* Main.storyboard */; };
		8909FAED28735A0A00F84927 /* Assets.xcassets in Resources */ = {isa = PBXBuildFile; fileRef = 8909FAEC28735A0A00F84927 /* Assets.xcassets */; };
		8909FAF028735A0A00F84927 /* LaunchScreen.storyboard in Resources */ = {isa = PBXBuildFile; fileRef = 8909FAEE28735A0A00F84927 /* LaunchScreen.storyboard */; };
		8909FAFB28735A0A00F84927 /* OfficerTests.swift in Sources */ = {isa = PBXBuildFile; fileRef = 8909FAFA28735A0A00F84927 /* OfficerTests.swift */; };
		8909FB0528735A0B00F84927 /* OfficerUITests.swift in Sources */ = {isa = PBXBuildFile; fileRef = 8909FB0428735A0B00F84927 /* OfficerUITests.swift */; };
		8909FB0728735A0B00F84927 /* OfficerUITestsLaunchTests.swift in Sources */ = {isa = PBXBuildFile; fileRef = 8909FB0628735A0B00F84927 /* OfficerUITestsLaunchTests.swift */; };
		891632D8288EAD5A0048644A /* Extensions.swift in Sources */ = {isa = PBXBuildFile; fileRef = 891632D7288EAD5A0048644A /* Extensions.swift */; };
		894D63E62898EFE1001CF252 /* Details.storyboard in Resources */ = {isa = PBXBuildFile; fileRef = 894D63DF2898EFE1001CF252 /* Details.storyboard */; };
		894D63E72898EFE1001CF252 /* DetailsViewController.swift in Sources */ = {isa = PBXBuildFile; fileRef = 894D63E02898EFE1001CF252 /* DetailsViewController.swift */; };
		894D63E82898EFE1001CF252 /* DetailsPresenter.swift in Sources */ = {isa = PBXBuildFile; fileRef = 894D63E12898EFE1001CF252 /* DetailsPresenter.swift */; };
		894D63E92898EFE1001CF252 /* DetailsInteractor.swift in Sources */ = {isa = PBXBuildFile; fileRef = 894D63E22898EFE1001CF252 /* DetailsInteractor.swift */; };
		894D63EA2898EFE1001CF252 /* DetailsModels.swift in Sources */ = {isa = PBXBuildFile; fileRef = 894D63E32898EFE1001CF252 /* DetailsModels.swift */; };
		894D63EB2898EFE1001CF252 /* DetailsWorker.swift in Sources */ = {isa = PBXBuildFile; fileRef = 894D63E42898EFE1001CF252 /* DetailsWorker.swift */; };
		894D63EC2898EFE1001CF252 /* DetailsRouter.swift in Sources */ = {isa = PBXBuildFile; fileRef = 894D63E52898EFE1001CF252 /* DetailsRouter.swift */; };
		894D63F52898F3B3001CF252 /* Login.storyboard in Resources */ = {isa = PBXBuildFile; fileRef = 894D63EE2898F3B3001CF252 /* Login.storyboard */; };
		894D63F62898F3B3001CF252 /* LoginViewController.swift in Sources */ = {isa = PBXBuildFile; fileRef = 894D63EF2898F3B3001CF252 /* LoginViewController.swift */; };
		894D63F72898F3B3001CF252 /* LoginPresenter.swift in Sources */ = {isa = PBXBuildFile; fileRef = 894D63F02898F3B3001CF252 /* LoginPresenter.swift */; };
		894D63F82898F3B3001CF252 /* LoginInteractor.swift in Sources */ = {isa = PBXBuildFile; fileRef = 894D63F12898F3B3001CF252 /* LoginInteractor.swift */; };
		894D63F92898F3B3001CF252 /* LoginModels.swift in Sources */ = {isa = PBXBuildFile; fileRef = 894D63F22898F3B3001CF252 /* LoginModels.swift */; };
		894D63FA2898F3B3001CF252 /* LoginWorker.swift in Sources */ = {isa = PBXBuildFile; fileRef = 894D63F32898F3B3001CF252 /* LoginWorker.swift */; };
		894D63FB2898F3B3001CF252 /* LoginRouter.swift in Sources */ = {isa = PBXBuildFile; fileRef = 894D63F42898F3B3001CF252 /* LoginRouter.swift */; };
		894D64062898F403001CF252 /* Register.storyboard in Resources */ = {isa = PBXBuildFile; fileRef = 894D63FF2898F403001CF252 /* Register.storyboard */; };
		894D64072898F403001CF252 /* RegisterViewController.swift in Sources */ = {isa = PBXBuildFile; fileRef = 894D64002898F403001CF252 /* RegisterViewController.swift */; };
		894D64082898F403001CF252 /* RegisterPresenter.swift in Sources */ = {isa = PBXBuildFile; fileRef = 894D64012898F403001CF252 /* RegisterPresenter.swift */; };
		894D64092898F403001CF252 /* RegisterInteractor.swift in Sources */ = {isa = PBXBuildFile; fileRef = 894D64022898F403001CF252 /* RegisterInteractor.swift */; };
		894D640A2898F403001CF252 /* RegisterModels.swift in Sources */ = {isa = PBXBuildFile; fileRef = 894D64032898F403001CF252 /* RegisterModels.swift */; };
		894D640B2898F403001CF252 /* RegisterWorker.swift in Sources */ = {isa = PBXBuildFile; fileRef = 894D64042898F403001CF252 /* RegisterWorker.swift */; };
		894D640C2898F403001CF252 /* RegisterRouter.swift in Sources */ = {isa = PBXBuildFile; fileRef = 894D64052898F403001CF252 /* RegisterRouter.swift */; };
		896177E4288B43D90078E299 /* CustomTextField.swift in Sources */ = {isa = PBXBuildFile; fileRef = 896177E3288B43D90078E299 /* CustomTextField.swift */; };
		896C5F8A28A2A690009C93F6 /* FullScreenCell.swift in Sources */ = {isa = PBXBuildFile; fileRef = 896C5F8928A2A690009C93F6 /* FullScreenCell.swift */; };
		8987E22F28A7D4C8002E78DF /* File2.swift in Sources */ = {isa = PBXBuildFile; fileRef = 8987E22E28A7D4C8002E78DF /* File2.swift */; };
		898BAA4D28A66893001990FC /* Officer.xcdatamodeld in Sources */ = {isa = PBXBuildFile; fileRef = 898BAA4B28A66893001990FC /* Officer.xcdatamodeld */; };
		898BAA4F28A69BDA001990FC /* File.swift in Sources */ = {isa = PBXBuildFile; fileRef = 898BAA4E28A69BDA001990FC /* File.swift */; };
		8990F14328A93E5B00A682B8 /* FavoriteScreen.storyboard in Resources */ = {isa = PBXBuildFile; fileRef = 8990F13C28A93E5B00A682B8 /* FavoriteScreen.storyboard */; };
		8990F14428A93E5B00A682B8 /* FavoriteScreenViewController.swift in Sources */ = {isa = PBXBuildFile; fileRef = 8990F13D28A93E5B00A682B8 /* FavoriteScreenViewController.swift */; };
		8990F14528A93E5B00A682B8 /* FavoriteScreenPresenter.swift in Sources */ = {isa = PBXBuildFile; fileRef = 8990F13E28A93E5B00A682B8 /* FavoriteScreenPresenter.swift */; };
		8990F14628A93E5B00A682B8 /* FavoriteScreenInteractor.swift in Sources */ = {isa = PBXBuildFile; fileRef = 8990F13F28A93E5B00A682B8 /* FavoriteScreenInteractor.swift */; };
		8990F14728A93E5B00A682B8 /* FavoriteScreenModels.swift in Sources */ = {isa = PBXBuildFile; fileRef = 8990F14028A93E5B00A682B8 /* FavoriteScreenModels.swift */; };
		8990F14828A93E5B00A682B8 /* FavoriteScreenWorker.swift in Sources */ = {isa = PBXBuildFile; fileRef = 8990F14128A93E5B00A682B8 /* FavoriteScreenWorker.swift */; };
		8990F14928A93E5B00A682B8 /* FavoriteScreenRouter.swift in Sources */ = {isa = PBXBuildFile; fileRef = 8990F14228A93E5B00A682B8 /* FavoriteScreenRouter.swift */; };
		8997ADF5288AD6A5003D642F /* CLTypingLabel.swift in Sources */ = {isa = PBXBuildFile; fileRef = 8997ADF4288AD6A5003D642F /* CLTypingLabel.swift */; };
		8997ADF7288AD73E003D642F /* Constants.swift in Sources */ = {isa = PBXBuildFile; fileRef = 8997ADF6288AD73E003D642F /* Constants.swift */; };
		89BC654B289F150100AFEE36 /* FullScreen.storyboard in Resources */ = {isa = PBXBuildFile; fileRef = 89BC6544289F150100AFEE36 /* FullScreen.storyboard */; };
		89BC654C289F150100AFEE36 /* FullScreenViewController.swift in Sources */ = {isa = PBXBuildFile; fileRef = 89BC6545289F150100AFEE36 /* FullScreenViewController.swift */; };
		89BC654D289F150100AFEE36 /* FullScreenPresenter.swift in Sources */ = {isa = PBXBuildFile; fileRef = 89BC6546289F150100AFEE36 /* FullScreenPresenter.swift */; };
		89BC654E289F150100AFEE36 /* FullScreenInteractor.swift in Sources */ = {isa = PBXBuildFile; fileRef = 89BC6547289F150100AFEE36 /* FullScreenInteractor.swift */; };
		89BC654F289F150100AFEE36 /* FullScreenModels.swift in Sources */ = {isa = PBXBuildFile; fileRef = 89BC6548289F150100AFEE36 /* FullScreenModels.swift */; };
		89BC6550289F150100AFEE36 /* FullScreenWorker.swift in Sources */ = {isa = PBXBuildFile; fileRef = 89BC6549289F150100AFEE36 /* FullScreenWorker.swift */; };
		89BC6551289F150100AFEE36 /* FullScreenRouter.swift in Sources */ = {isa = PBXBuildFile; fileRef = 89BC654A289F150100AFEE36 /* FullScreenRouter.swift */; };
		89BEED8B28AD72BB00B0BB2A /* CoreDataManager.swift in Sources */ = {isa = PBXBuildFile; fileRef = 89BEED8A28AD72BB00B0BB2A /* CoreDataManager.swift */; };
		89BEED9428AD73C800B0BB2A /* WebKit.storyboard in Resources */ = {isa = PBXBuildFile; fileRef = 89BEED8D28AD73C800B0BB2A /* WebKit.storyboard */; };
		89BEED9528AD73C800B0BB2A /* WebKitViewController.swift in Sources */ = {isa = PBXBuildFile; fileRef = 89BEED8E28AD73C800B0BB2A /* WebKitViewController.swift */; };
		89BEED9628AD73C800B0BB2A /* WebKitPresenter.swift in Sources */ = {isa = PBXBuildFile; fileRef = 89BEED8F28AD73C800B0BB2A /* WebKitPresenter.swift */; };
		89BEED9728AD73C800B0BB2A /* WebKitInteractor.swift in Sources */ = {isa = PBXBuildFile; fileRef = 89BEED9028AD73C800B0BB2A /* WebKitInteractor.swift */; };
		89BEED9828AD73C800B0BB2A /* WebKitModels.swift in Sources */ = {isa = PBXBuildFile; fileRef = 89BEED9128AD73C800B0BB2A /* WebKitModels.swift */; };
		89BEED9928AD73C800B0BB2A /* WebKitWorker.swift in Sources */ = {isa = PBXBuildFile; fileRef = 89BEED9228AD73C800B0BB2A /* WebKitWorker.swift */; };
		89BEED9A28AD73C800B0BB2A /* WebKitRouter.swift in Sources */ = {isa = PBXBuildFile; fileRef = 89BEED9328AD73C800B0BB2A /* WebKitRouter.swift */; };
		89D13EFA289BF993008E2238 /* DetailsCell.swift in Sources */ = {isa = PBXBuildFile; fileRef = 89D13EF8289BF993008E2238 /* DetailsCell.swift */; };
		89D13EFB289BF993008E2238 /* DetailsCell.xib in Resources */ = {isa = PBXBuildFile; fileRef = 89D13EF9289BF993008E2238 /* DetailsCell.xib */; };
		89D2FA2428A9512A00341C75 /* FavoriteScreenCell.swift in Sources */ = {isa = PBXBuildFile; fileRef = 89D2FA2228A9512A00341C75 /* FavoriteScreenCell.swift */; };
		89D2FA2528A9512A00341C75 /* FavoriteScreenCell.xib in Resources */ = {isa = PBXBuildFile; fileRef = 89D2FA2328A9512A00341C75 /* FavoriteScreenCell.xib */; };
		89DF91AA289BD2C20053B86B /* SDWebImage in Frameworks */ = {isa = PBXBuildFile; productRef = 89DF91A9289BD2C20053B86B /* SDWebImage */; };
		89DF91AC289BD2C20053B86B /* SDWebImageMapKit in Frameworks */ = {isa = PBXBuildFile; productRef = 89DF91AB289BD2C20053B86B /* SDWebImageMapKit */; };
		89FBB31728983BE2001C5B95 /* Office.storyboard in Resources */ = {isa = PBXBuildFile; fileRef = 89FBB31028983BE2001C5B95 /* Office.storyboard */; };
		89FBB31828983BE2001C5B95 /* OfficeViewController.swift in Sources */ = {isa = PBXBuildFile; fileRef = 89FBB31128983BE2001C5B95 /* OfficeViewController.swift */; };
		89FBB31928983BE2001C5B95 /* OfficePresenter.swift in Sources */ = {isa = PBXBuildFile; fileRef = 89FBB31228983BE2001C5B95 /* OfficePresenter.swift */; };
		89FBB31A28983BE2001C5B95 /* OfficeInteractor.swift in Sources */ = {isa = PBXBuildFile; fileRef = 89FBB31328983BE2001C5B95 /* OfficeInteractor.swift */; };
		89FBB31B28983BE2001C5B95 /* OfficeModels.swift in Sources */ = {isa = PBXBuildFile; fileRef = 89FBB31428983BE2001C5B95 /* OfficeModels.swift */; };
		89FBB31C28983BE2001C5B95 /* OfficeWorker.swift in Sources */ = {isa = PBXBuildFile; fileRef = 89FBB31528983BE2001C5B95 /* OfficeWorker.swift */; };
		89FBB31D28983BE2001C5B95 /* OfficeRouter.swift in Sources */ = {isa = PBXBuildFile; fileRef = 89FBB31628983BE2001C5B95 /* OfficeRouter.swift */; };
		89FBB32128983C02001C5B95 /* OfficeCell.swift in Sources */ = {isa = PBXBuildFile; fileRef = 89FBB31F28983C02001C5B95 /* OfficeCell.swift */; };
		89FBB32228983C02001C5B95 /* OfficeCell.xib in Resources */ = {isa = PBXBuildFile; fileRef = 89FBB32028983C02001C5B95 /* OfficeCell.xib */; };
		89FBB326289845CE001C5B95 /* NetworkManager.swift in Sources */ = {isa = PBXBuildFile; fileRef = 89FBB325289845CE001C5B95 /* NetworkManager.swift */; };
		89FBB32A28984604001C5B95 /* Request&ResponseModel.swift in Sources */ = {isa = PBXBuildFile; fileRef = 89FBB32928984604001C5B95 /* Request&ResponseModel.swift */; };
/* End PBXBuildFile section */

/* Begin PBXContainerItemProxy section */
		8909FAF728735A0A00F84927 /* PBXContainerItemProxy */ = {
			isa = PBXContainerItemProxy;
			containerPortal = 8909FAD828735A0700F84927 /* Project object */;
			proxyType = 1;
			remoteGlobalIDString = 8909FADF28735A0700F84927;
			remoteInfo = Officer;
		};
		8909FB0128735A0B00F84927 /* PBXContainerItemProxy */ = {
			isa = PBXContainerItemProxy;
			containerPortal = 8909FAD828735A0700F84927 /* Project object */;
			proxyType = 1;
			remoteGlobalIDString = 8909FADF28735A0700F84927;
			remoteInfo = Officer;
		};
/* End PBXContainerItemProxy section */

/* Begin PBXFileReference section */
		8909FAE028735A0700F84927 /* Officer.app */ = {isa = PBXFileReference; explicitFileType = wrapper.application; includeInIndex = 0; path = Officer.app; sourceTree = BUILT_PRODUCTS_DIR; };
		8909FAE328735A0700F84927 /* AppDelegate.swift */ = {isa = PBXFileReference; lastKnownFileType = sourcecode.swift; path = AppDelegate.swift; sourceTree = "<group>"; };
		8909FAE528735A0700F84927 /* SceneDelegate.swift */ = {isa = PBXFileReference; lastKnownFileType = sourcecode.swift; path = SceneDelegate.swift; sourceTree = "<group>"; };
		8909FAE728735A0700F84927 /* WelcomeViewController.swift */ = {isa = PBXFileReference; lastKnownFileType = sourcecode.swift; path = WelcomeViewController.swift; sourceTree = "<group>"; };
		8909FAEA28735A0700F84927 /* Base */ = {isa = PBXFileReference; lastKnownFileType = file.storyboard; name = Base; path = Base.lproj/Main.storyboard; sourceTree = "<group>"; };
		8909FAEC28735A0A00F84927 /* Assets.xcassets */ = {isa = PBXFileReference; lastKnownFileType = folder.assetcatalog; name = Assets.xcassets; path = Officer/SupportingFiles/Assets.xcassets; sourceTree = SOURCE_ROOT; };
		8909FAEF28735A0A00F84927 /* Base */ = {isa = PBXFileReference; lastKnownFileType = file.storyboard; name = Base; path = Base.lproj/LaunchScreen.storyboard; sourceTree = "<group>"; };
		8909FAF128735A0A00F84927 /* Info.plist */ = {isa = PBXFileReference; lastKnownFileType = text.plist.xml; path = Info.plist; sourceTree = "<group>"; };
		8909FAF628735A0A00F84927 /* OfficerTests.xctest */ = {isa = PBXFileReference; explicitFileType = wrapper.cfbundle; includeInIndex = 0; path = OfficerTests.xctest; sourceTree = BUILT_PRODUCTS_DIR; };
		8909FAFA28735A0A00F84927 /* OfficerTests.swift */ = {isa = PBXFileReference; lastKnownFileType = sourcecode.swift; path = OfficerTests.swift; sourceTree = "<group>"; };
		8909FB0028735A0B00F84927 /* OfficerUITests.xctest */ = {isa = PBXFileReference; explicitFileType = wrapper.cfbundle; includeInIndex = 0; path = OfficerUITests.xctest; sourceTree = BUILT_PRODUCTS_DIR; };
		8909FB0428735A0B00F84927 /* OfficerUITests.swift */ = {isa = PBXFileReference; lastKnownFileType = sourcecode.swift; path = OfficerUITests.swift; sourceTree = "<group>"; };
		8909FB0628735A0B00F84927 /* OfficerUITestsLaunchTests.swift */ = {isa = PBXFileReference; lastKnownFileType = sourcecode.swift; path = OfficerUITestsLaunchTests.swift; sourceTree = "<group>"; };
		891632D7288EAD5A0048644A /* Extensions.swift */ = {isa = PBXFileReference; lastKnownFileType = sourcecode.swift; path = Extensions.swift; sourceTree = "<group>"; };
		894D63DF2898EFE1001CF252 /* Details.storyboard */ = {isa = PBXFileReference; lastKnownFileType = file.storyboard; path = Details.storyboard; sourceTree = "<group>"; };
		894D63E02898EFE1001CF252 /* DetailsViewController.swift */ = {isa = PBXFileReference; lastKnownFileType = sourcecode.swift; path = DetailsViewController.swift; sourceTree = "<group>"; };
		894D63E12898EFE1001CF252 /* DetailsPresenter.swift */ = {isa = PBXFileReference; lastKnownFileType = sourcecode.swift; path = DetailsPresenter.swift; sourceTree = "<group>"; };
		894D63E22898EFE1001CF252 /* DetailsInteractor.swift */ = {isa = PBXFileReference; lastKnownFileType = sourcecode.swift; path = DetailsInteractor.swift; sourceTree = "<group>"; };
		894D63E32898EFE1001CF252 /* DetailsModels.swift */ = {isa = PBXFileReference; lastKnownFileType = sourcecode.swift; path = DetailsModels.swift; sourceTree = "<group>"; };
		894D63E42898EFE1001CF252 /* DetailsWorker.swift */ = {isa = PBXFileReference; lastKnownFileType = sourcecode.swift; path = DetailsWorker.swift; sourceTree = "<group>"; };
		894D63E52898EFE1001CF252 /* DetailsRouter.swift */ = {isa = PBXFileReference; lastKnownFileType = sourcecode.swift; path = DetailsRouter.swift; sourceTree = "<group>"; };
		894D63EE2898F3B3001CF252 /* Login.storyboard */ = {isa = PBXFileReference; lastKnownFileType = file.storyboard; path = Login.storyboard; sourceTree = "<group>"; };
		894D63EF2898F3B3001CF252 /* LoginViewController.swift */ = {isa = PBXFileReference; lastKnownFileType = sourcecode.swift; path = LoginViewController.swift; sourceTree = "<group>"; };
		894D63F02898F3B3001CF252 /* LoginPresenter.swift */ = {isa = PBXFileReference; lastKnownFileType = sourcecode.swift; path = LoginPresenter.swift; sourceTree = "<group>"; };
		894D63F12898F3B3001CF252 /* LoginInteractor.swift */ = {isa = PBXFileReference; lastKnownFileType = sourcecode.swift; path = LoginInteractor.swift; sourceTree = "<group>"; };
		894D63F22898F3B3001CF252 /* LoginModels.swift */ = {isa = PBXFileReference; lastKnownFileType = sourcecode.swift; path = LoginModels.swift; sourceTree = "<group>"; };
		894D63F32898F3B3001CF252 /* LoginWorker.swift */ = {isa = PBXFileReference; lastKnownFileType = sourcecode.swift; path = LoginWorker.swift; sourceTree = "<group>"; };
		894D63F42898F3B3001CF252 /* LoginRouter.swift */ = {isa = PBXFileReference; lastKnownFileType = sourcecode.swift; path = LoginRouter.swift; sourceTree = "<group>"; };
		894D63FF2898F403001CF252 /* Register.storyboard */ = {isa = PBXFileReference; lastKnownFileType = file.storyboard; path = Register.storyboard; sourceTree = "<group>"; };
		894D64002898F403001CF252 /* RegisterViewController.swift */ = {isa = PBXFileReference; lastKnownFileType = sourcecode.swift; path = RegisterViewController.swift; sourceTree = "<group>"; };
		894D64012898F403001CF252 /* RegisterPresenter.swift */ = {isa = PBXFileReference; lastKnownFileType = sourcecode.swift; path = RegisterPresenter.swift; sourceTree = "<group>"; };
		894D64022898F403001CF252 /* RegisterInteractor.swift */ = {isa = PBXFileReference; lastKnownFileType = sourcecode.swift; path = RegisterInteractor.swift; sourceTree = "<group>"; };
		894D64032898F403001CF252 /* RegisterModels.swift */ = {isa = PBXFileReference; lastKnownFileType = sourcecode.swift; path = RegisterModels.swift; sourceTree = "<group>"; };
		894D64042898F403001CF252 /* RegisterWorker.swift */ = {isa = PBXFileReference; lastKnownFileType = sourcecode.swift; path = RegisterWorker.swift; sourceTree = "<group>"; };
		894D64052898F403001CF252 /* RegisterRouter.swift */ = {isa = PBXFileReference; lastKnownFileType = sourcecode.swift; path = RegisterRouter.swift; sourceTree = "<group>"; };
		896177E3288B43D90078E299 /* CustomTextField.swift */ = {isa = PBXFileReference; lastKnownFileType = sourcecode.swift; path = CustomTextField.swift; sourceTree = "<group>"; };
		896C5F8928A2A690009C93F6 /* FullScreenCell.swift */ = {isa = PBXFileReference; lastKnownFileType = sourcecode.swift; path = FullScreenCell.swift; sourceTree = "<group>"; };
		8987E22E28A7D4C8002E78DF /* File2.swift */ = {isa = PBXFileReference; lastKnownFileType = sourcecode.swift; path = File2.swift; sourceTree = "<group>"; };
		898BAA4C28A66893001990FC /* Officer.xcdatamodel */ = {isa = PBXFileReference; lastKnownFileType = wrapper.xcdatamodel; path = Officer.xcdatamodel; sourceTree = "<group>"; };
		898BAA4E28A69BDA001990FC /* File.swift */ = {isa = PBXFileReference; lastKnownFileType = sourcecode.swift; path = File.swift; sourceTree = "<group>"; };
		8990F13C28A93E5B00A682B8 /* FavoriteScreen.storyboard */ = {isa = PBXFileReference; lastKnownFileType = file.storyboard; path = FavoriteScreen.storyboard; sourceTree = "<group>"; };
		8990F13D28A93E5B00A682B8 /* FavoriteScreenViewController.swift */ = {isa = PBXFileReference; lastKnownFileType = sourcecode.swift; path = FavoriteScreenViewController.swift; sourceTree = "<group>"; };
		8990F13E28A93E5B00A682B8 /* FavoriteScreenPresenter.swift */ = {isa = PBXFileReference; lastKnownFileType = sourcecode.swift; path = FavoriteScreenPresenter.swift; sourceTree = "<group>"; };
		8990F13F28A93E5B00A682B8 /* FavoriteScreenInteractor.swift */ = {isa = PBXFileReference; lastKnownFileType = sourcecode.swift; path = FavoriteScreenInteractor.swift; sourceTree = "<group>"; };
		8990F14028A93E5B00A682B8 /* FavoriteScreenModels.swift */ = {isa = PBXFileReference; lastKnownFileType = sourcecode.swift; path = FavoriteScreenModels.swift; sourceTree = "<group>"; };
		8990F14128A93E5B00A682B8 /* FavoriteScreenWorker.swift */ = {isa = PBXFileReference; lastKnownFileType = sourcecode.swift; path = FavoriteScreenWorker.swift; sourceTree = "<group>"; };
		8990F14228A93E5B00A682B8 /* FavoriteScreenRouter.swift */ = {isa = PBXFileReference; lastKnownFileType = sourcecode.swift; path = FavoriteScreenRouter.swift; sourceTree = "<group>"; };
		8997ADF4288AD6A5003D642F /* CLTypingLabel.swift */ = {isa = PBXFileReference; fileEncoding = 4; lastKnownFileType = sourcecode.swift; path = CLTypingLabel.swift; sourceTree = "<group>"; };
		8997ADF6288AD73E003D642F /* Constants.swift */ = {isa = PBXFileReference; lastKnownFileType = sourcecode.swift; path = Constants.swift; sourceTree = "<group>"; };
		89BC6544289F150100AFEE36 /* FullScreen.storyboard */ = {isa = PBXFileReference; lastKnownFileType = file.storyboard; path = FullScreen.storyboard; sourceTree = "<group>"; };
		89BC6545289F150100AFEE36 /* FullScreenViewController.swift */ = {isa = PBXFileReference; lastKnownFileType = sourcecode.swift; path = FullScreenViewController.swift; sourceTree = "<group>"; };
		89BC6546289F150100AFEE36 /* FullScreenPresenter.swift */ = {isa = PBXFileReference; lastKnownFileType = sourcecode.swift; path = FullScreenPresenter.swift; sourceTree = "<group>"; };
		89BC6547289F150100AFEE36 /* FullScreenInteractor.swift */ = {isa = PBXFileReference; lastKnownFileType = sourcecode.swift; path = FullScreenInteractor.swift; sourceTree = "<group>"; };
		89BC6548289F150100AFEE36 /* FullScreenModels.swift */ = {isa = PBXFileReference; lastKnownFileType = sourcecode.swift; path = FullScreenModels.swift; sourceTree = "<group>"; };
		89BC6549289F150100AFEE36 /* FullScreenWorker.swift */ = {isa = PBXFileReference; lastKnownFileType = sourcecode.swift; path = FullScreenWorker.swift; sourceTree = "<group>"; };
		89BC654A289F150100AFEE36 /* FullScreenRouter.swift */ = {isa = PBXFileReference; lastKnownFileType = sourcecode.swift; path = FullScreenRouter.swift; sourceTree = "<group>"; };
		89BEED8A28AD72BB00B0BB2A /* CoreDataManager.swift */ = {isa = PBXFileReference; lastKnownFileType = sourcecode.swift; path = CoreDataManager.swift; sourceTree = "<group>"; };
		89BEED8D28AD73C800B0BB2A /* WebKit.storyboard */ = {isa = PBXFileReference; lastKnownFileType = file.storyboard; path = WebKit.storyboard; sourceTree = "<group>"; };
		89BEED8E28AD73C800B0BB2A /* WebKitViewController.swift */ = {isa = PBXFileReference; lastKnownFileType = sourcecode.swift; path = WebKitViewController.swift; sourceTree = "<group>"; };
		89BEED8F28AD73C800B0BB2A /* WebKitPresenter.swift */ = {isa = PBXFileReference; lastKnownFileType = sourcecode.swift; path = WebKitPresenter.swift; sourceTree = "<group>"; };
		89BEED9028AD73C800B0BB2A /* WebKitInteractor.swift */ = {isa = PBXFileReference; lastKnownFileType = sourcecode.swift; path = WebKitInteractor.swift; sourceTree = "<group>"; };
		89BEED9128AD73C800B0BB2A /* WebKitModels.swift */ = {isa = PBXFileReference; lastKnownFileType = sourcecode.swift; path = WebKitModels.swift; sourceTree = "<group>"; };
		89BEED9228AD73C800B0BB2A /* WebKitWorker.swift */ = {isa = PBXFileReference; lastKnownFileType = sourcecode.swift; path = WebKitWorker.swift; sourceTree = "<group>"; };
		89BEED9328AD73C800B0BB2A /* WebKitRouter.swift */ = {isa = PBXFileReference; lastKnownFileType = sourcecode.swift; path = WebKitRouter.swift; sourceTree = "<group>"; };
		89D13EF8289BF993008E2238 /* DetailsCell.swift */ = {isa = PBXFileReference; lastKnownFileType = sourcecode.swift; path = DetailsCell.swift; sourceTree = "<group>"; };
		89D13EF9289BF993008E2238 /* DetailsCell.xib */ = {isa = PBXFileReference; lastKnownFileType = file.xib; path = DetailsCell.xib; sourceTree = "<group>"; };
		89D2FA2228A9512A00341C75 /* FavoriteScreenCell.swift */ = {isa = PBXFileReference; lastKnownFileType = sourcecode.swift; path = FavoriteScreenCell.swift; sourceTree = "<group>"; };
		89D2FA2328A9512A00341C75 /* FavoriteScreenCell.xib */ = {isa = PBXFileReference; lastKnownFileType = file.xib; path = FavoriteScreenCell.xib; sourceTree = "<group>"; };
		89F40B812875F2960035C6F4 /* Development.xcconfig */ = {isa = PBXFileReference; lastKnownFileType = text.xcconfig; path = Development.xcconfig; sourceTree = "<group>"; };
		89F40B822875F2F70035C6F4 /* Production.xcconfig */ = {isa = PBXFileReference; lastKnownFileType = text.xcconfig; path = Production.xcconfig; sourceTree = "<group>"; };
		89FBB31028983BE2001C5B95 /* Office.storyboard */ = {isa = PBXFileReference; lastKnownFileType = file.storyboard; path = Office.storyboard; sourceTree = "<group>"; };
		89FBB31128983BE2001C5B95 /* OfficeViewController.swift */ = {isa = PBXFileReference; lastKnownFileType = sourcecode.swift; path = OfficeViewController.swift; sourceTree = "<group>"; };
		89FBB31228983BE2001C5B95 /* OfficePresenter.swift */ = {isa = PBXFileReference; lastKnownFileType = sourcecode.swift; path = OfficePresenter.swift; sourceTree = "<group>"; };
		89FBB31328983BE2001C5B95 /* OfficeInteractor.swift */ = {isa = PBXFileReference; lastKnownFileType = sourcecode.swift; path = OfficeInteractor.swift; sourceTree = "<group>"; };
		89FBB31428983BE2001C5B95 /* OfficeModels.swift */ = {isa = PBXFileReference; lastKnownFileType = sourcecode.swift; path = OfficeModels.swift; sourceTree = "<group>"; };
		89FBB31528983BE2001C5B95 /* OfficeWorker.swift */ = {isa = PBXFileReference; lastKnownFileType = sourcecode.swift; path = OfficeWorker.swift; sourceTree = "<group>"; };
		89FBB31628983BE2001C5B95 /* OfficeRouter.swift */ = {isa = PBXFileReference; lastKnownFileType = sourcecode.swift; path = OfficeRouter.swift; sourceTree = "<group>"; };
		89FBB31F28983C02001C5B95 /* OfficeCell.swift */ = {isa = PBXFileReference; lastKnownFileType = sourcecode.swift; path = OfficeCell.swift; sourceTree = "<group>"; };
		89FBB32028983C02001C5B95 /* OfficeCell.xib */ = {isa = PBXFileReference; lastKnownFileType = file.xib; path = OfficeCell.xib; sourceTree = "<group>"; };
		89FBB325289845CE001C5B95 /* NetworkManager.swift */ = {isa = PBXFileReference; lastKnownFileType = sourcecode.swift; path = NetworkManager.swift; sourceTree = "<group>"; };
		89FBB32928984604001C5B95 /* Request&ResponseModel.swift */ = {isa = PBXFileReference; lastKnownFileType = sourcecode.swift; path = "Request&ResponseModel.swift"; sourceTree = "<group>"; };
/* End PBXFileReference section */

/* Begin PBXFrameworksBuildPhase section */
		8909FADD28735A0700F84927 /* Frameworks */ = {
			isa = PBXFrameworksBuildPhase;
			buildActionMask = 2147483647;
			files = (
				89DF91AC289BD2C20053B86B /* SDWebImageMapKit in Frameworks */,
				89DF91AA289BD2C20053B86B /* SDWebImage in Frameworks */,
			);
			runOnlyForDeploymentPostprocessing = 0;
		};
		8909FAF328735A0A00F84927 /* Frameworks */ = {
			isa = PBXFrameworksBuildPhase;
			buildActionMask = 2147483647;
			files = (
			);
			runOnlyForDeploymentPostprocessing = 0;
		};
		8909FAFD28735A0B00F84927 /* Frameworks */ = {
			isa = PBXFrameworksBuildPhase;
			buildActionMask = 2147483647;
			files = (
			);
			runOnlyForDeploymentPostprocessing = 0;
		};
/* End PBXFrameworksBuildPhase section */

/* Begin PBXGroup section */
		8909FAD728735A0700F84927 = {
			isa = PBXGroup;
			children = (
				8987E22E28A7D4C8002E78DF /* File2.swift */,
				898BAA4E28A69BDA001990FC /* File.swift */,
				89F40B802875F2790035C6F4 /* Configurations */,
				8909FAE228735A0700F84927 /* Officer */,
				8909FAF928735A0A00F84927 /* OfficerTests */,
				8909FB0328735A0B00F84927 /* OfficerUITests */,
				8909FAE128735A0700F84927 /* Products */,
			);
			sourceTree = "<group>";
		};
		8909FAE128735A0700F84927 /* Products */ = {
			isa = PBXGroup;
			children = (
				8909FAE028735A0700F84927 /* Officer.app */,
				8909FAF628735A0A00F84927 /* OfficerTests.xctest */,
				8909FB0028735A0B00F84927 /* OfficerUITests.xctest */,
			);
			name = Products;
			sourceTree = "<group>";
		};
		8909FAE228735A0700F84927 /* Officer */ = {
			isa = PBXGroup;
			children = (
				89FBB32428983C19001C5B95 /* Extension */,
				89FBB32328983C11001C5B95 /* Networking */,
				89BEED8728AD584200B0BB2A /* CoreData */,
				89FBB2C428980B7F001C5B95 /* Scenes */,
				8947863F289A6E9D00418A39 /* SupportingFiles */,
				894D640E28999ED0001CF252 /* CustomObjects */,
				8909FAEE28735A0A00F84927 /* LaunchScreen.storyboard */,
				8909FAF128735A0A00F84927 /* Info.plist */,
				898BAA4B28A66893001990FC /* Officer.xcdatamodeld */,
			);
			path = Officer;
			sourceTree = "<group>";
		};
		8909FAF928735A0A00F84927 /* OfficerTests */ = {
			isa = PBXGroup;
			children = (
				8909FAFA28735A0A00F84927 /* OfficerTests.swift */,
			);
			path = OfficerTests;
			sourceTree = "<group>";
		};
		8909FB0328735A0B00F84927 /* OfficerUITests */ = {
			isa = PBXGroup;
			children = (
				8909FB0428735A0B00F84927 /* OfficerUITests.swift */,
				8909FB0628735A0B00F84927 /* OfficerUITestsLaunchTests.swift */,
			);
			path = OfficerUITests;
			sourceTree = "<group>";
		};
		8947863F289A6E9D00418A39 /* SupportingFiles */ = {
			isa = PBXGroup;
			children = (
				8909FAE328735A0700F84927 /* AppDelegate.swift */,
				8909FAE528735A0700F84927 /* SceneDelegate.swift */,
				8909FAEC28735A0A00F84927 /* Assets.xcassets */,
			);
			path = SupportingFiles;
			sourceTree = "<group>";
		};
		894D63ED2898EFEA001CF252 /* Details */ = {
			isa = PBXGroup;
			children = (
				89BEED8C28AD739400B0BB2A /* WebKit */,
				89D13EF7289BF961008E2238 /* DetailsCell */,
				894D63DF2898EFE1001CF252 /* Details.storyboard */,
				894D63E02898EFE1001CF252 /* DetailsViewController.swift */,
				894D63E22898EFE1001CF252 /* DetailsInteractor.swift */,
				894D63E12898EFE1001CF252 /* DetailsPresenter.swift */,
				894D63E32898EFE1001CF252 /* DetailsModels.swift */,
				894D63E42898EFE1001CF252 /* DetailsWorker.swift */,
				894D63E52898EFE1001CF252 /* DetailsRouter.swift */,
			);
			path = Details;
			sourceTree = "<group>";
		};
		894D63FC2898F3C5001CF252 /* Office */ = {
			isa = PBXGroup;
			children = (
				8990F13B28A93E2000A682B8 /* FavoriteScreen */,
				89FBB31E28983BEE001C5B95 /* OfficeCell */,
				89FBB31028983BE2001C5B95 /* Office.storyboard */,
				89FBB31128983BE2001C5B95 /* OfficeViewController.swift */,
				89FBB31328983BE2001C5B95 /* OfficeInteractor.swift */,
				89FBB31228983BE2001C5B95 /* OfficePresenter.swift */,
				89FBB31428983BE2001C5B95 /* OfficeModels.swift */,
				89FBB31528983BE2001C5B95 /* OfficeWorker.swift */,
				89FBB31628983BE2001C5B95 /* OfficeRouter.swift */,
			);
			path = Office;
			sourceTree = "<group>";
		};
		894D63FD2898F3E6001CF252 /* Login */ = {
			isa = PBXGroup;
			children = (
				894D63EE2898F3B3001CF252 /* Login.storyboard */,
				894D63EF2898F3B3001CF252 /* LoginViewController.swift */,
				894D63F02898F3B3001CF252 /* LoginPresenter.swift */,
				894D63F12898F3B3001CF252 /* LoginInteractor.swift */,
				894D63F22898F3B3001CF252 /* LoginModels.swift */,
				894D63F32898F3B3001CF252 /* LoginWorker.swift */,
				894D63F42898F3B3001CF252 /* LoginRouter.swift */,
			);
			path = Login;
			sourceTree = "<group>";
		};
		894D63FE2898F3F2001CF252 /* Register */ = {
			isa = PBXGroup;
			children = (
				894D63FF2898F403001CF252 /* Register.storyboard */,
				894D64002898F403001CF252 /* RegisterViewController.swift */,
				894D64012898F403001CF252 /* RegisterPresenter.swift */,
				894D64022898F403001CF252 /* RegisterInteractor.swift */,
				894D64032898F403001CF252 /* RegisterModels.swift */,
				894D64042898F403001CF252 /* RegisterWorker.swift */,
				894D64052898F403001CF252 /* RegisterRouter.swift */,
			);
			path = Register;
			sourceTree = "<group>";
		};
		894D640D289966FF001CF252 /* Welcome */ = {
			isa = PBXGroup;
			children = (
				8909FAE728735A0700F84927 /* WelcomeViewController.swift */,
				8909FAE928735A0700F84927 /* Main.storyboard */,
			);
			path = Welcome;
			sourceTree = "<group>";
		};
		894D640E28999ED0001CF252 /* CustomObjects */ = {
			isa = PBXGroup;
			children = (
				8997ADF6288AD73E003D642F /* Constants.swift */,
				8997ADF4288AD6A5003D642F /* CLTypingLabel.swift */,
				896177E3288B43D90078E299 /* CustomTextField.swift */,
			);
			path = CustomObjects;
			sourceTree = "<group>";
		};
		896C5F8828A2A65F009C93F6 /* FullScreenCell */ = {
			isa = PBXGroup;
			children = (
				896C5F8928A2A690009C93F6 /* FullScreenCell.swift */,
			);
			path = FullScreenCell;
			sourceTree = "<group>";
		};
		8990F13B28A93E2000A682B8 /* FavoriteScreen */ = {
			isa = PBXGroup;
			children = (
				89D2FA2628A9513000341C75 /* FavoriteScreenCell */,
				8990F13C28A93E5B00A682B8 /* FavoriteScreen.storyboard */,
				8990F13D28A93E5B00A682B8 /* FavoriteScreenViewController.swift */,
				8990F13F28A93E5B00A682B8 /* FavoriteScreenInteractor.swift */,
				8990F13E28A93E5B00A682B8 /* FavoriteScreenPresenter.swift */,
				8990F14028A93E5B00A682B8 /* FavoriteScreenModels.swift */,
				8990F14128A93E5B00A682B8 /* FavoriteScreenWorker.swift */,
				8990F14228A93E5B00A682B8 /* FavoriteScreenRouter.swift */,
			);
			path = FavoriteScreen;
			sourceTree = "<group>";
		};
		89BC6552289F151000AFEE36 /* FullScreen */ = {
			isa = PBXGroup;
			children = (
				896C5F8828A2A65F009C93F6 /* FullScreenCell */,
				89BC6544289F150100AFEE36 /* FullScreen.storyboard */,
				89BC6545289F150100AFEE36 /* FullScreenViewController.swift */,
				89BC6547289F150100AFEE36 /* FullScreenInteractor.swift */,
				89BC6546289F150100AFEE36 /* FullScreenPresenter.swift */,
				89BC6548289F150100AFEE36 /* FullScreenModels.swift */,
				89BC6549289F150100AFEE36 /* FullScreenWorker.swift */,
				89BC654A289F150100AFEE36 /* FullScreenRouter.swift */,
			);
			path = FullScreen;
			sourceTree = "<group>";
		};
		89BEED8728AD584200B0BB2A /* CoreData */ = {
			isa = PBXGroup;
			children = (
				89BEED8A28AD72BB00B0BB2A /* CoreDataManager.swift */,
			);
			path = CoreData;
			sourceTree = "<group>";
		};
		89BEED8C28AD739400B0BB2A /* WebKit */ = {
			isa = PBXGroup;
			children = (
				89BEED8D28AD73C800B0BB2A /* WebKit.storyboard */,
				89BEED8E28AD73C800B0BB2A /* WebKitViewController.swift */,
				89BEED8F28AD73C800B0BB2A /* WebKitPresenter.swift */,
				89BEED9028AD73C800B0BB2A /* WebKitInteractor.swift */,
				89BEED9128AD73C800B0BB2A /* WebKitModels.swift */,
				89BEED9228AD73C800B0BB2A /* WebKitWorker.swift */,
				89BEED9328AD73C800B0BB2A /* WebKitRouter.swift */,
			);
			path = WebKit;
			sourceTree = "<group>";
		};
		89D13EF7289BF961008E2238 /* DetailsCell */ = {
			isa = PBXGroup;
			children = (
				89D13EF8289BF993008E2238 /* DetailsCell.swift */,
				89D13EF9289BF993008E2238 /* DetailsCell.xib */,
			);
			path = DetailsCell;
			sourceTree = "<group>";
		};
		89D2FA2628A9513000341C75 /* FavoriteScreenCell */ = {
			isa = PBXGroup;
			children = (
				89D2FA2228A9512A00341C75 /* FavoriteScreenCell.swift */,
				89D2FA2328A9512A00341C75 /* FavoriteScreenCell.xib */,
			);
			path = FavoriteScreenCell;
			sourceTree = "<group>";
		};
		89F40B802875F2790035C6F4 /* Configurations */ = {
			isa = PBXGroup;
			children = (
				89F40B812875F2960035C6F4 /* Development.xcconfig */,
				89F40B822875F2F70035C6F4 /* Production.xcconfig */,
			);
			path = Configurations;
			sourceTree = "<group>";
		};
		89FBB2C428980B7F001C5B95 /* Scenes */ = {
			isa = PBXGroup;
			children = (
				89BC6552289F151000AFEE36 /* FullScreen */,
				894D63ED2898EFEA001CF252 /* Details */,
				894D63FC2898F3C5001CF252 /* Office */,
				894D63FE2898F3F2001CF252 /* Register */,
				894D63FD2898F3E6001CF252 /* Login */,
				894D640D289966FF001CF252 /* Welcome */,
			);
			path = Scenes;
			sourceTree = "<group>";
		};
		89FBB31E28983BEE001C5B95 /* OfficeCell */ = {
			isa = PBXGroup;
			children = (
				89FBB31F28983C02001C5B95 /* OfficeCell.swift */,
				89FBB32028983C02001C5B95 /* OfficeCell.xib */,
			);
			path = OfficeCell;
			sourceTree = "<group>";
		};
		89FBB32328983C11001C5B95 /* Networking */ = {
			isa = PBXGroup;
			children = (
				89FBB325289845CE001C5B95 /* NetworkManager.swift */,
				89FBB32928984604001C5B95 /* Request&ResponseModel.swift */,
			);
			path = Networking;
			sourceTree = "<group>";
		};
		89FBB32428983C19001C5B95 /* Extension */ = {
			isa = PBXGroup;
			children = (
				891632D7288EAD5A0048644A /* Extensions.swift */,
			);
			path = Extension;
			sourceTree = "<group>";
		};
/* End PBXGroup section */

/* Begin PBXNativeTarget section */
		8909FADF28735A0700F84927 /* Officer */ = {
			isa = PBXNativeTarget;
			buildConfigurationList = 8909FB0A28735A0B00F84927 /* Build configuration list for PBXNativeTarget "Officer" */;
			buildPhases = (
				8909FADC28735A0700F84927 /* Sources */,
				8909FADD28735A0700F84927 /* Frameworks */,
				8909FADE28735A0700F84927 /* Resources */,
			);
			buildRules = (
			);
			dependencies = (
			);
			name = Officer;
			packageProductDependencies = (
				89DF91A9289BD2C20053B86B /* SDWebImage */,
				89DF91AB289BD2C20053B86B /* SDWebImageMapKit */,
			);
			productName = Officer;
			productReference = 8909FAE028735A0700F84927 /* Officer.app */;
			productType = "com.apple.product-type.application";
		};
		8909FAF528735A0A00F84927 /* OfficerTests */ = {
			isa = PBXNativeTarget;
			buildConfigurationList = 8909FB0D28735A0B00F84927 /* Build configuration list for PBXNativeTarget "OfficerTests" */;
			buildPhases = (
				8909FAF228735A0A00F84927 /* Sources */,
				8909FAF328735A0A00F84927 /* Frameworks */,
				8909FAF428735A0A00F84927 /* Resources */,
			);
			buildRules = (
			);
			dependencies = (
				8909FAF828735A0A00F84927 /* PBXTargetDependency */,
			);
			name = OfficerTests;
			productName = OfficerTests;
			productReference = 8909FAF628735A0A00F84927 /* OfficerTests.xctest */;
			productType = "com.apple.product-type.bundle.unit-test";
		};
		8909FAFF28735A0B00F84927 /* OfficerUITests */ = {
			isa = PBXNativeTarget;
			buildConfigurationList = 8909FB1028735A0B00F84927 /* Build configuration list for PBXNativeTarget "OfficerUITests" */;
			buildPhases = (
				8909FAFC28735A0B00F84927 /* Sources */,
				8909FAFD28735A0B00F84927 /* Frameworks */,
				8909FAFE28735A0B00F84927 /* Resources */,
			);
			buildRules = (
			);
			dependencies = (
				8909FB0228735A0B00F84927 /* PBXTargetDependency */,
			);
			name = OfficerUITests;
			productName = OfficerUITests;
			productReference = 8909FB0028735A0B00F84927 /* OfficerUITests.xctest */;
			productType = "com.apple.product-type.bundle.ui-testing";
		};
/* End PBXNativeTarget section */

/* Begin PBXProject section */
		8909FAD828735A0700F84927 /* Project object */ = {
			isa = PBXProject;
			attributes = {
				BuildIndependentTargetsInParallel = 1;
				LastSwiftUpdateCheck = 1340;
				LastUpgradeCheck = 1340;
				TargetAttributes = {
					8909FADF28735A0700F84927 = {
						CreatedOnToolsVersion = 13.4.1;
					};
					8909FAF528735A0A00F84927 = {
						CreatedOnToolsVersion = 13.4.1;
						TestTargetID = 8909FADF28735A0700F84927;
					};
					8909FAFF28735A0B00F84927 = {
						CreatedOnToolsVersion = 13.4.1;
						TestTargetID = 8909FADF28735A0700F84927;
					};
				};
			};
			buildConfigurationList = 8909FADB28735A0700F84927 /* Build configuration list for PBXProject "Officer" */;
			compatibilityVersion = "Xcode 13.0";
			developmentRegion = en;
			hasScannedForEncodings = 0;
			knownRegions = (
				en,
				Base,
			);
			mainGroup = 8909FAD728735A0700F84927;
			packageReferences = (
				89DF91A8289BD2C20053B86B /* XCRemoteSwiftPackageReference "SDWebImage" */,
			);
			productRefGroup = 8909FAE128735A0700F84927 /* Products */;
			projectDirPath = "";
			projectRoot = "";
			targets = (
				8909FADF28735A0700F84927 /* Officer */,
				8909FAF528735A0A00F84927 /* OfficerTests */,
				8909FAFF28735A0B00F84927 /* OfficerUITests */,
			);
		};
/* End PBXProject section */

/* Begin PBXResourcesBuildPhase section */
		8909FADE28735A0700F84927 /* Resources */ = {
			isa = PBXResourcesBuildPhase;
			buildActionMask = 2147483647;
			files = (
				89FBB31728983BE2001C5B95 /* Office.storyboard in Resources */,
				89BC654B289F150100AFEE36 /* FullScreen.storyboard in Resources */,
				894D63E62898EFE1001CF252 /* Details.storyboard in Resources */,
				894D63F52898F3B3001CF252 /* Login.storyboard in Resources */,
				89BEED9428AD73C800B0BB2A /* WebKit.storyboard in Resources */,
				8909FAF028735A0A00F84927 /* LaunchScreen.storyboard in Resources */,
				8909FAED28735A0A00F84927 /* Assets.xcassets in Resources */,
				89FBB32228983C02001C5B95 /* OfficeCell.xib in Resources */,
				8909FAEB28735A0700F84927 /* Main.storyboard in Resources */,
				8990F14328A93E5B00A682B8 /* FavoriteScreen.storyboard in Resources */,
				89D13EFB289BF993008E2238 /* DetailsCell.xib in Resources */,
				894D64062898F403001CF252 /* Register.storyboard in Resources */,
				89D2FA2528A9512A00341C75 /* FavoriteScreenCell.xib in Resources */,
			);
			runOnlyForDeploymentPostprocessing = 0;
		};
		8909FAF428735A0A00F84927 /* Resources */ = {
			isa = PBXResourcesBuildPhase;
			buildActionMask = 2147483647;
			files = (
			);
			runOnlyForDeploymentPostprocessing = 0;
		};
		8909FAFE28735A0B00F84927 /* Resources */ = {
			isa = PBXResourcesBuildPhase;
			buildActionMask = 2147483647;
			files = (
			);
			runOnlyForDeploymentPostprocessing = 0;
		};
/* End PBXResourcesBuildPhase section */

/* Begin PBXSourcesBuildPhase section */
		8909FADC28735A0700F84927 /* Sources */ = {
			isa = PBXSourcesBuildPhase;
			buildActionMask = 2147483647;
			files = (
				89BEED8B28AD72BB00B0BB2A /* CoreDataManager.swift in Sources */,
				894D63EA2898EFE1001CF252 /* DetailsModels.swift in Sources */,
				89BEED9728AD73C800B0BB2A /* WebKitInteractor.swift in Sources */,
				8990F14728A93E5B00A682B8 /* FavoriteScreenModels.swift in Sources */,
				89BC654F289F150100AFEE36 /* FullScreenModels.swift in Sources */,
				8990F14828A93E5B00A682B8 /* FavoriteScreenWorker.swift in Sources */,
				89BEED9828AD73C800B0BB2A /* WebKitModels.swift in Sources */,
				89BEED9628AD73C800B0BB2A /* WebKitPresenter.swift in Sources */,
				8990F14428A93E5B00A682B8 /* FavoriteScreenViewController.swift in Sources */,
				89FBB31A28983BE2001C5B95 /* OfficeInteractor.swift in Sources */,
				89FBB32A28984604001C5B95 /* Request&ResponseModel.swift in Sources */,
				8987E22F28A7D4C8002E78DF /* File2.swift in Sources */,
				89FBB31828983BE2001C5B95 /* OfficeViewController.swift in Sources */,
				8997ADF5288AD6A5003D642F /* CLTypingLabel.swift in Sources */,
				894D64092898F403001CF252 /* RegisterInteractor.swift in Sources */,
				894D63FA2898F3B3001CF252 /* LoginWorker.swift in Sources */,
				89D13EFA289BF993008E2238 /* DetailsCell.swift in Sources */,
				89BEED9928AD73C800B0BB2A /* WebKitWorker.swift in Sources */,
				898BAA4F28A69BDA001990FC /* File.swift in Sources */,
				8909FAE828735A0700F84927 /* WelcomeViewController.swift in Sources */,
				8909FAE428735A0700F84927 /* AppDelegate.swift in Sources */,
				89FBB31928983BE2001C5B95 /* OfficePresenter.swift in Sources */,
				8909FAE628735A0700F84927 /* SceneDelegate.swift in Sources */,
				894D640C2898F403001CF252 /* RegisterRouter.swift in Sources */,
				894D63E92898EFE1001CF252 /* DetailsInteractor.swift in Sources */,
				89FBB32128983C02001C5B95 /* OfficeCell.swift in Sources */,
				894D63F72898F3B3001CF252 /* LoginPresenter.swift in Sources */,
				89BC654D289F150100AFEE36 /* FullScreenPresenter.swift in Sources */,
				896C5F8A28A2A690009C93F6 /* FullScreenCell.swift in Sources */,
				89FBB31D28983BE2001C5B95 /* OfficeRouter.swift in Sources */,
				896177E4288B43D90078E299 /* CustomTextField.swift in Sources */,
				894D63F92898F3B3001CF252 /* LoginModels.swift in Sources */,
				894D640B2898F403001CF252 /* RegisterWorker.swift in Sources */,
				891632D8288EAD5A0048644A /* Extensions.swift in Sources */,
				894D63F82898F3B3001CF252 /* LoginInteractor.swift in Sources */,
				8997ADF7288AD73E003D642F /* Constants.swift in Sources */,
				8990F14928A93E5B00A682B8 /* FavoriteScreenRouter.swift in Sources */,
				89BC654C289F150100AFEE36 /* FullScreenViewController.swift in Sources */,
				89FBB31C28983BE2001C5B95 /* OfficeWorker.swift in Sources */,
				89FBB31B28983BE2001C5B95 /* OfficeModels.swift in Sources */,
				894D63E82898EFE1001CF252 /* DetailsPresenter.swift in Sources */,
				894D63FB2898F3B3001CF252 /* LoginRouter.swift in Sources */,
				89BC6551289F150100AFEE36 /* FullScreenRouter.swift in Sources */,
				894D64082898F403001CF252 /* RegisterPresenter.swift in Sources */,
				8990F14628A93E5B00A682B8 /* FavoriteScreenInteractor.swift in Sources */,
				89FBB326289845CE001C5B95 /* NetworkManager.swift in Sources */,
				894D64072898F403001CF252 /* RegisterViewController.swift in Sources */,
				894D63EB2898EFE1001CF252 /* DetailsWorker.swift in Sources */,
				89BEED9528AD73C800B0BB2A /* WebKitViewController.swift in Sources */,
				894D640A2898F403001CF252 /* RegisterModels.swift in Sources */,
				894D63EC2898EFE1001CF252 /* DetailsRouter.swift in Sources */,
				89BC654E289F150100AFEE36 /* FullScreenInteractor.swift in Sources */,
				898BAA4D28A66893001990FC /* Officer.xcdatamodeld in Sources */,
				89BEED9A28AD73C800B0BB2A /* WebKitRouter.swift in Sources */,
				894D63F62898F3B3001CF252 /* LoginViewController.swift in Sources */,
				89BC6550289F150100AFEE36 /* FullScreenWorker.swift in Sources */,
				894D63E72898EFE1001CF252 /* DetailsViewController.swift in Sources */,
				8990F14528A93E5B00A682B8 /* FavoriteScreenPresenter.swift in Sources */,
				89D2FA2428A9512A00341C75 /* FavoriteScreenCell.swift in Sources */,
			);
			runOnlyForDeploymentPostprocessing = 0;
		};
		8909FAF228735A0A00F84927 /* Sources */ = {
			isa = PBXSourcesBuildPhase;
			buildActionMask = 2147483647;
			files = (
				8909FAFB28735A0A00F84927 /* OfficerTests.swift in Sources */,
			);
			runOnlyForDeploymentPostprocessing = 0;
		};
		8909FAFC28735A0B00F84927 /* Sources */ = {
			isa = PBXSourcesBuildPhase;
			buildActionMask = 2147483647;
			files = (
				8909FB0528735A0B00F84927 /* OfficerUITests.swift in Sources */,
				8909FB0728735A0B00F84927 /* OfficerUITestsLaunchTests.swift in Sources */,
			);
			runOnlyForDeploymentPostprocessing = 0;
		};
/* End PBXSourcesBuildPhase section */

/* Begin PBXTargetDependency section */
		8909FAF828735A0A00F84927 /* PBXTargetDependency */ = {
			isa = PBXTargetDependency;
			target = 8909FADF28735A0700F84927 /* Officer */;
			targetProxy = 8909FAF728735A0A00F84927 /* PBXContainerItemProxy */;
		};
		8909FB0228735A0B00F84927 /* PBXTargetDependency */ = {
			isa = PBXTargetDependency;
			target = 8909FADF28735A0700F84927 /* Officer */;
			targetProxy = 8909FB0128735A0B00F84927 /* PBXContainerItemProxy */;
		};
/* End PBXTargetDependency section */

/* Begin PBXVariantGroup section */
		8909FAE928735A0700F84927 /* Main.storyboard */ = {
			isa = PBXVariantGroup;
			children = (
				8909FAEA28735A0700F84927 /* Base */,
			);
			name = Main.storyboard;
			sourceTree = "<group>";
		};
		8909FAEE28735A0A00F84927 /* LaunchScreen.storyboard */ = {
			isa = PBXVariantGroup;
			children = (
				8909FAEF28735A0A00F84927 /* Base */,
			);
			name = LaunchScreen.storyboard;
			sourceTree = "<group>";
		};
/* End PBXVariantGroup section */

/* Begin XCBuildConfiguration section */
		8909FB0828735A0B00F84927 /* ProductionDebug */ = {
			isa = XCBuildConfiguration;
			baseConfigurationReference = 89F40B822875F2F70035C6F4 /* Production.xcconfig */;
			buildSettings = {
				ALWAYS_SEARCH_USER_PATHS = NO;
				CLANG_ANALYZER_NONNULL = YES;
				CLANG_ANALYZER_NUMBER_OBJECT_CONVERSION = YES_AGGRESSIVE;
				CLANG_CXX_LANGUAGE_STANDARD = "gnu++17";
				CLANG_ENABLE_MODULES = YES;
				CLANG_ENABLE_OBJC_ARC = YES;
				CLANG_ENABLE_OBJC_WEAK = YES;
				CLANG_WARN_BLOCK_CAPTURE_AUTORELEASING = YES;
				CLANG_WARN_BOOL_CONVERSION = YES;
				CLANG_WARN_COMMA = YES;
				CLANG_WARN_CONSTANT_CONVERSION = YES;
				CLANG_WARN_DEPRECATED_OBJC_IMPLEMENTATIONS = YES;
				CLANG_WARN_DIRECT_OBJC_ISA_USAGE = YES_ERROR;
				CLANG_WARN_DOCUMENTATION_COMMENTS = YES;
				CLANG_WARN_EMPTY_BODY = YES;
				CLANG_WARN_ENUM_CONVERSION = YES;
				CLANG_WARN_INFINITE_RECURSION = YES;
				CLANG_WARN_INT_CONVERSION = YES;
				CLANG_WARN_NON_LITERAL_NULL_CONVERSION = YES;
				CLANG_WARN_OBJC_IMPLICIT_RETAIN_SELF = YES;
				CLANG_WARN_OBJC_LITERAL_CONVERSION = YES;
				CLANG_WARN_OBJC_ROOT_CLASS = YES_ERROR;
				CLANG_WARN_QUOTED_INCLUDE_IN_FRAMEWORK_HEADER = YES;
				CLANG_WARN_RANGE_LOOP_ANALYSIS = YES;
				CLANG_WARN_STRICT_PROTOTYPES = YES;
				CLANG_WARN_SUSPICIOUS_MOVE = YES;
				CLANG_WARN_UNGUARDED_AVAILABILITY = YES_AGGRESSIVE;
				CLANG_WARN_UNREACHABLE_CODE = YES;
				CLANG_WARN__DUPLICATE_METHOD_MATCH = YES;
				COPY_PHASE_STRIP = NO;
				DEBUG_INFORMATION_FORMAT = dwarf;
				ENABLE_STRICT_OBJC_MSGSEND = YES;
				ENABLE_TESTABILITY = YES;
				GCC_C_LANGUAGE_STANDARD = gnu11;
				GCC_DYNAMIC_NO_PIC = NO;
				GCC_NO_COMMON_BLOCKS = YES;
				GCC_OPTIMIZATION_LEVEL = 0;
				GCC_PREPROCESSOR_DEFINITIONS = (
					"DEBUG=1",
					"$(inherited)",
				);
				GCC_WARN_64_TO_32_BIT_CONVERSION = YES;
				GCC_WARN_ABOUT_RETURN_TYPE = YES_ERROR;
				GCC_WARN_UNDECLARED_SELECTOR = YES;
				GCC_WARN_UNINITIALIZED_AUTOS = YES_AGGRESSIVE;
				GCC_WARN_UNUSED_FUNCTION = YES;
				GCC_WARN_UNUSED_VARIABLE = YES;
				IPHONEOS_DEPLOYMENT_TARGET = 15.5;
				MTL_ENABLE_DEBUG_INFO = INCLUDE_SOURCE;
				MTL_FAST_MATH = YES;
				ONLY_ACTIVE_ARCH = YES;
				SDKROOT = iphoneos;
				SWIFT_ACTIVE_COMPILATION_CONDITIONS = DEBUG;
				SWIFT_OPTIMIZATION_LEVEL = "-Onone";
				VALIDATE_WORKSPACE_SKIPPED_SDK_FRAMEWORKS = "";
			};
			name = ProductionDebug;
		};
		8909FB0928735A0B00F84927 /* ProductionRelease */ = {
			isa = XCBuildConfiguration;
			baseConfigurationReference = 89F40B822875F2F70035C6F4 /* Production.xcconfig */;
			buildSettings = {
				ALWAYS_SEARCH_USER_PATHS = NO;
				CLANG_ANALYZER_NONNULL = YES;
				CLANG_ANALYZER_NUMBER_OBJECT_CONVERSION = YES_AGGRESSIVE;
				CLANG_CXX_LANGUAGE_STANDARD = "gnu++17";
				CLANG_ENABLE_MODULES = YES;
				CLANG_ENABLE_OBJC_ARC = YES;
				CLANG_ENABLE_OBJC_WEAK = YES;
				CLANG_WARN_BLOCK_CAPTURE_AUTORELEASING = YES;
				CLANG_WARN_BOOL_CONVERSION = YES;
				CLANG_WARN_COMMA = YES;
				CLANG_WARN_CONSTANT_CONVERSION = YES;
				CLANG_WARN_DEPRECATED_OBJC_IMPLEMENTATIONS = YES;
				CLANG_WARN_DIRECT_OBJC_ISA_USAGE = YES_ERROR;
				CLANG_WARN_DOCUMENTATION_COMMENTS = YES;
				CLANG_WARN_EMPTY_BODY = YES;
				CLANG_WARN_ENUM_CONVERSION = YES;
				CLANG_WARN_INFINITE_RECURSION = YES;
				CLANG_WARN_INT_CONVERSION = YES;
				CLANG_WARN_NON_LITERAL_NULL_CONVERSION = YES;
				CLANG_WARN_OBJC_IMPLICIT_RETAIN_SELF = YES;
				CLANG_WARN_OBJC_LITERAL_CONVERSION = YES;
				CLANG_WARN_OBJC_ROOT_CLASS = YES_ERROR;
				CLANG_WARN_QUOTED_INCLUDE_IN_FRAMEWORK_HEADER = YES;
				CLANG_WARN_RANGE_LOOP_ANALYSIS = YES;
				CLANG_WARN_STRICT_PROTOTYPES = YES;
				CLANG_WARN_SUSPICIOUS_MOVE = YES;
				CLANG_WARN_UNGUARDED_AVAILABILITY = YES_AGGRESSIVE;
				CLANG_WARN_UNREACHABLE_CODE = YES;
				CLANG_WARN__DUPLICATE_METHOD_MATCH = YES;
				COPY_PHASE_STRIP = NO;
				DEBUG_INFORMATION_FORMAT = "dwarf-with-dsym";
				ENABLE_NS_ASSERTIONS = NO;
				ENABLE_STRICT_OBJC_MSGSEND = YES;
				GCC_C_LANGUAGE_STANDARD = gnu11;
				GCC_NO_COMMON_BLOCKS = YES;
				GCC_WARN_64_TO_32_BIT_CONVERSION = YES;
				GCC_WARN_ABOUT_RETURN_TYPE = YES_ERROR;
				GCC_WARN_UNDECLARED_SELECTOR = YES;
				GCC_WARN_UNINITIALIZED_AUTOS = YES_AGGRESSIVE;
				GCC_WARN_UNUSED_FUNCTION = YES;
				GCC_WARN_UNUSED_VARIABLE = YES;
				IPHONEOS_DEPLOYMENT_TARGET = 15.5;
				MTL_ENABLE_DEBUG_INFO = NO;
				MTL_FAST_MATH = YES;
				SDKROOT = iphoneos;
				SWIFT_COMPILATION_MODE = wholemodule;
				SWIFT_OPTIMIZATION_LEVEL = "-O";
				VALIDATE_PRODUCT = YES;
				VALIDATE_WORKSPACE_SKIPPED_SDK_FRAMEWORKS = "";
			};
			name = ProductionRelease;
		};
		8909FB0B28735A0B00F84927 /* ProductionDebug */ = {
			isa = XCBuildConfiguration;
			baseConfigurationReference = 89F40B822875F2F70035C6F4 /* Production.xcconfig */;
			buildSettings = {
				ASSETCATALOG_COMPILER_APPICON_NAME = AppIcon;
				ASSETCATALOG_COMPILER_GLOBAL_ACCENT_COLOR_NAME = AccentColor;
				CODE_SIGN_IDENTITY = "iPhone Developer";
				CODE_SIGN_STYLE = Manual;
				CURRENT_PROJECT_VERSION = 1;
				DEVELOPMENT_TEAM = TBXF7RJBHZ;
				GENERATE_INFOPLIST_FILE = YES;
				INFOPLIST_FILE = Officer/Info.plist;
				INFOPLIST_KEY_UIApplicationSupportsIndirectInputEvents = YES;
				INFOPLIST_KEY_UILaunchStoryboardName = LaunchScreen;
				INFOPLIST_KEY_UIMainStoryboardFile = Main;
				INFOPLIST_KEY_UISupportedInterfaceOrientations = UIInterfaceOrientationPortrait;
				INFOPLIST_KEY_UISupportedInterfaceOrientations_iPad = "UIInterfaceOrientationPortrait UIInterfaceOrientationPortraitUpsideDown UIInterfaceOrientationLandscapeLeft UIInterfaceOrientationLandscapeRight";
				INFOPLIST_KEY_UISupportedInterfaceOrientations_iPhone = "UIInterfaceOrientationPortrait UIInterfaceOrientationLandscapeLeft UIInterfaceOrientationLandscapeRight";
				IPHONEOS_DEPLOYMENT_TARGET = 15.5;
				LD_RUNPATH_SEARCH_PATHS = (
					"$(inherited)",
					"@executable_path/Frameworks",
				);
				MARKETING_VERSION = 1.0;
				PRODUCT_BUNDLE_IDENTIFIER = com.furkanerucar.OfficerDown;
				PRODUCT_NAME = "$(APP_NAME)";
				PROVISIONING_PROFILE_SPECIFIER = "com.furkanerucar.OfficerDown pp";
				SWIFT_EMIT_LOC_STRINGS = YES;
				SWIFT_VERSION = 5.0;
				TARGETED_DEVICE_FAMILY = 1;
			};
			name = ProductionDebug;
		};
		8909FB0C28735A0B00F84927 /* ProductionRelease */ = {
			isa = XCBuildConfiguration;
			baseConfigurationReference = 89F40B822875F2F70035C6F4 /* Production.xcconfig */;
			buildSettings = {
				ASSETCATALOG_COMPILER_APPICON_NAME = AppIcon;
				ASSETCATALOG_COMPILER_GLOBAL_ACCENT_COLOR_NAME = AccentColor;
				CODE_SIGN_IDENTITY = "iPhone Developer";
				CODE_SIGN_STYLE = Manual;
				CURRENT_PROJECT_VERSION = 1;
				DEVELOPMENT_TEAM = TBXF7RJBHZ;
				GENERATE_INFOPLIST_FILE = YES;
				INFOPLIST_FILE = Officer/Info.plist;
				INFOPLIST_KEY_UIApplicationSupportsIndirectInputEvents = YES;
				INFOPLIST_KEY_UILaunchStoryboardName = LaunchScreen;
				INFOPLIST_KEY_UIMainStoryboardFile = Main;
				INFOPLIST_KEY_UISupportedInterfaceOrientations = UIInterfaceOrientationPortrait;
				INFOPLIST_KEY_UISupportedInterfaceOrientations_iPad = "UIInterfaceOrientationPortrait UIInterfaceOrientationPortraitUpsideDown UIInterfaceOrientationLandscapeLeft UIInterfaceOrientationLandscapeRight";
				INFOPLIST_KEY_UISupportedInterfaceOrientations_iPhone = "UIInterfaceOrientationPortrait UIInterfaceOrientationLandscapeLeft UIInterfaceOrientationLandscapeRight";
				IPHONEOS_DEPLOYMENT_TARGET = 15.5;
				LD_RUNPATH_SEARCH_PATHS = (
					"$(inherited)",
					"@executable_path/Frameworks",
				);
				MARKETING_VERSION = 1.0;
				PRODUCT_BUNDLE_IDENTIFIER = com.furkanerucar.OfficerDown;
				PRODUCT_NAME = "$(APP_NAME)";
				PROVISIONING_PROFILE_SPECIFIER = "com.furkanerucar.OfficerDown pp";
				SWIFT_EMIT_LOC_STRINGS = YES;
				SWIFT_VERSION = 5.0;
				TARGETED_DEVICE_FAMILY = 1;
			};
			name = ProductionRelease;
		};
		8909FB0E28735A0B00F84927 /* ProductionDebug */ = {
			isa = XCBuildConfiguration;
			baseConfigurationReference = 89F40B822875F2F70035C6F4 /* Production.xcconfig */;
			buildSettings = {
				ALWAYS_EMBED_SWIFT_STANDARD_LIBRARIES = YES;
				BUNDLE_LOADER = "$(TEST_HOST)";
				CODE_SIGN_STYLE = Automatic;
				CURRENT_PROJECT_VERSION = 1;
				DEVELOPMENT_TEAM = TBXF7RJBHZ;
				GENERATE_INFOPLIST_FILE = YES;
				IPHONEOS_DEPLOYMENT_TARGET = 15.5;
				MARKETING_VERSION = 1.0;
				PRODUCT_BUNDLE_IDENTIFIER = com.furkanerucar.OfficerTests;
				PRODUCT_NAME = "$(TARGET_NAME)";
				SWIFT_EMIT_LOC_STRINGS = NO;
				SWIFT_VERSION = 5.0;
				TARGETED_DEVICE_FAMILY = "1,2";
				TEST_HOST = "$(BUILT_PRODUCTS_DIR)/Officer.app/Officer";
			};
			name = ProductionDebug;
		};
		8909FB0F28735A0B00F84927 /* ProductionRelease */ = {
			isa = XCBuildConfiguration;
			baseConfigurationReference = 89F40B822875F2F70035C6F4 /* Production.xcconfig */;
			buildSettings = {
				ALWAYS_EMBED_SWIFT_STANDARD_LIBRARIES = YES;
				BUNDLE_LOADER = "$(TEST_HOST)";
				CODE_SIGN_STYLE = Automatic;
				CURRENT_PROJECT_VERSION = 1;
				DEVELOPMENT_TEAM = TBXF7RJBHZ;
				GENERATE_INFOPLIST_FILE = YES;
				IPHONEOS_DEPLOYMENT_TARGET = 15.5;
				MARKETING_VERSION = 1.0;
				PRODUCT_BUNDLE_IDENTIFIER = com.furkanerucar.OfficerTests;
				PRODUCT_NAME = "$(TARGET_NAME)";
				SWIFT_EMIT_LOC_STRINGS = NO;
				SWIFT_VERSION = 5.0;
				TARGETED_DEVICE_FAMILY = "1,2";
				TEST_HOST = "$(BUILT_PRODUCTS_DIR)/Officer.app/Officer";
			};
			name = ProductionRelease;
		};
		8909FB1128735A0B00F84927 /* ProductionDebug */ = {
			isa = XCBuildConfiguration;
			baseConfigurationReference = 89F40B822875F2F70035C6F4 /* Production.xcconfig */;
			buildSettings = {
				ALWAYS_EMBED_SWIFT_STANDARD_LIBRARIES = YES;
				CODE_SIGN_STYLE = Automatic;
				CURRENT_PROJECT_VERSION = 1;
				DEVELOPMENT_TEAM = TBXF7RJBHZ;
				GENERATE_INFOPLIST_FILE = YES;
				MARKETING_VERSION = 1.0;
				PRODUCT_BUNDLE_IDENTIFIER = com.furkanerucar.OfficerUITests;
				PRODUCT_NAME = "$(TARGET_NAME)";
				SWIFT_EMIT_LOC_STRINGS = NO;
				SWIFT_VERSION = 5.0;
				TARGETED_DEVICE_FAMILY = "1,2";
				TEST_TARGET_NAME = Officer;
			};
			name = ProductionDebug;
		};
		8909FB1228735A0B00F84927 /* ProductionRelease */ = {
			isa = XCBuildConfiguration;
			baseConfigurationReference = 89F40B822875F2F70035C6F4 /* Production.xcconfig */;
			buildSettings = {
				ALWAYS_EMBED_SWIFT_STANDARD_LIBRARIES = YES;
				CODE_SIGN_STYLE = Automatic;
				CURRENT_PROJECT_VERSION = 1;
				DEVELOPMENT_TEAM = TBXF7RJBHZ;
				GENERATE_INFOPLIST_FILE = YES;
				MARKETING_VERSION = 1.0;
				PRODUCT_BUNDLE_IDENTIFIER = com.furkanerucar.OfficerUITests;
				PRODUCT_NAME = "$(TARGET_NAME)";
				SWIFT_EMIT_LOC_STRINGS = NO;
				SWIFT_VERSION = 5.0;
				TARGETED_DEVICE_FAMILY = "1,2";
				TEST_TARGET_NAME = Officer;
			};
			name = ProductionRelease;
		};
		89F40B832875F4AA0035C6F4 /* DevelopmentDebug */ = {
			isa = XCBuildConfiguration;
			baseConfigurationReference = 89F40B812875F2960035C6F4 /* Development.xcconfig */;
			buildSettings = {
				ALWAYS_SEARCH_USER_PATHS = NO;
				CLANG_ANALYZER_NONNULL = YES;
				CLANG_ANALYZER_NUMBER_OBJECT_CONVERSION = YES_AGGRESSIVE;
				CLANG_CXX_LANGUAGE_STANDARD = "gnu++17";
				CLANG_ENABLE_MODULES = YES;
				CLANG_ENABLE_OBJC_ARC = YES;
				CLANG_ENABLE_OBJC_WEAK = YES;
				CLANG_WARN_BLOCK_CAPTURE_AUTORELEASING = YES;
				CLANG_WARN_BOOL_CONVERSION = YES;
				CLANG_WARN_COMMA = YES;
				CLANG_WARN_CONSTANT_CONVERSION = YES;
				CLANG_WARN_DEPRECATED_OBJC_IMPLEMENTATIONS = YES;
				CLANG_WARN_DIRECT_OBJC_ISA_USAGE = YES_ERROR;
				CLANG_WARN_DOCUMENTATION_COMMENTS = YES;
				CLANG_WARN_EMPTY_BODY = YES;
				CLANG_WARN_ENUM_CONVERSION = YES;
				CLANG_WARN_INFINITE_RECURSION = YES;
				CLANG_WARN_INT_CONVERSION = YES;
				CLANG_WARN_NON_LITERAL_NULL_CONVERSION = YES;
				CLANG_WARN_OBJC_IMPLICIT_RETAIN_SELF = YES;
				CLANG_WARN_OBJC_LITERAL_CONVERSION = YES;
				CLANG_WARN_OBJC_ROOT_CLASS = YES_ERROR;
				CLANG_WARN_QUOTED_INCLUDE_IN_FRAMEWORK_HEADER = YES;
				CLANG_WARN_RANGE_LOOP_ANALYSIS = YES;
				CLANG_WARN_STRICT_PROTOTYPES = YES;
				CLANG_WARN_SUSPICIOUS_MOVE = YES;
				CLANG_WARN_UNGUARDED_AVAILABILITY = YES_AGGRESSIVE;
				CLANG_WARN_UNREACHABLE_CODE = YES;
				CLANG_WARN__DUPLICATE_METHOD_MATCH = YES;
				COPY_PHASE_STRIP = NO;
				DEBUG_INFORMATION_FORMAT = dwarf;
				ENABLE_STRICT_OBJC_MSGSEND = YES;
				ENABLE_TESTABILITY = YES;
				GCC_C_LANGUAGE_STANDARD = gnu11;
				GCC_DYNAMIC_NO_PIC = NO;
				GCC_NO_COMMON_BLOCKS = YES;
				GCC_OPTIMIZATION_LEVEL = 0;
				GCC_PREPROCESSOR_DEFINITIONS = (
					"DEBUG=1",
					"$(inherited)",
				);
				GCC_WARN_64_TO_32_BIT_CONVERSION = YES;
				GCC_WARN_ABOUT_RETURN_TYPE = YES_ERROR;
				GCC_WARN_UNDECLARED_SELECTOR = YES;
				GCC_WARN_UNINITIALIZED_AUTOS = YES_AGGRESSIVE;
				GCC_WARN_UNUSED_FUNCTION = YES;
				GCC_WARN_UNUSED_VARIABLE = YES;
				IPHONEOS_DEPLOYMENT_TARGET = 15.5;
				MTL_ENABLE_DEBUG_INFO = INCLUDE_SOURCE;
				MTL_FAST_MATH = YES;
				ONLY_ACTIVE_ARCH = YES;
				SDKROOT = iphoneos;
				SWIFT_ACTIVE_COMPILATION_CONDITIONS = DEBUG;
				SWIFT_OPTIMIZATION_LEVEL = "-Onone";
				VALIDATE_WORKSPACE_SKIPPED_SDK_FRAMEWORKS = "";
			};
			name = DevelopmentDebug;
		};
		89F40B842875F4AA0035C6F4 /* DevelopmentDebug */ = {
			isa = XCBuildConfiguration;
			baseConfigurationReference = 89F40B812875F2960035C6F4 /* Development.xcconfig */;
			buildSettings = {
				ASSETCATALOG_COMPILER_APPICON_NAME = AppIcon;
				ASSETCATALOG_COMPILER_GLOBAL_ACCENT_COLOR_NAME = AccentColor;
				CODE_SIGN_IDENTITY = "iPhone Developer";
				CODE_SIGN_STYLE = Manual;
				CURRENT_PROJECT_VERSION = 1;
				DEVELOPMENT_TEAM = TBXF7RJBHZ;
				GENERATE_INFOPLIST_FILE = YES;
				INFOPLIST_FILE = Officer/Info.plist;
				INFOPLIST_KEY_UIApplicationSupportsIndirectInputEvents = YES;
				INFOPLIST_KEY_UILaunchStoryboardName = LaunchScreen;
				INFOPLIST_KEY_UIMainStoryboardFile = Main;
				INFOPLIST_KEY_UISupportedInterfaceOrientations = UIInterfaceOrientationPortrait;
				INFOPLIST_KEY_UISupportedInterfaceOrientations_iPad = "UIInterfaceOrientationPortrait UIInterfaceOrientationPortraitUpsideDown UIInterfaceOrientationLandscapeLeft UIInterfaceOrientationLandscapeRight";
				INFOPLIST_KEY_UISupportedInterfaceOrientations_iPhone = "UIInterfaceOrientationPortrait UIInterfaceOrientationLandscapeLeft UIInterfaceOrientationLandscapeRight";
				IPHONEOS_DEPLOYMENT_TARGET = 15.5;
				LD_RUNPATH_SEARCH_PATHS = (
					"$(inherited)",
					"@executable_path/Frameworks",
				);
				MARKETING_VERSION = 1.0;
				PRODUCT_BUNDLE_IDENTIFIER = com.furkanerucar.officerDown.dev;
				PRODUCT_NAME = "$(APP_NAME)";
				PROVISIONING_PROFILE_SPECIFIER = "com.furkanerucar.OfficerDown.dev pp";
				SWIFT_EMIT_LOC_STRINGS = YES;
				SWIFT_VERSION = 5.0;
				TARGETED_DEVICE_FAMILY = 1;
			};
			name = DevelopmentDebug;
		};
		89F40B852875F4AA0035C6F4 /* DevelopmentDebug */ = {
			isa = XCBuildConfiguration;
			baseConfigurationReference = 89F40B812875F2960035C6F4 /* Development.xcconfig */;
			buildSettings = {
				ALWAYS_EMBED_SWIFT_STANDARD_LIBRARIES = YES;
				BUNDLE_LOADER = "$(TEST_HOST)";
				CODE_SIGN_STYLE = Automatic;
				CURRENT_PROJECT_VERSION = 1;
				DEVELOPMENT_TEAM = TBXF7RJBHZ;
				GENERATE_INFOPLIST_FILE = YES;
				IPHONEOS_DEPLOYMENT_TARGET = 15.5;
				MARKETING_VERSION = 1.0;
				PRODUCT_BUNDLE_IDENTIFIER = com.furkanerucar.OfficerTests;
				PRODUCT_NAME = "$(TARGET_NAME)";
				SWIFT_EMIT_LOC_STRINGS = NO;
				SWIFT_VERSION = 5.0;
				TARGETED_DEVICE_FAMILY = "1,2";
				TEST_HOST = "$(BUILT_PRODUCTS_DIR)/Officer.app/Officer";
			};
			name = DevelopmentDebug;
		};
		89F40B862875F4AA0035C6F4 /* DevelopmentDebug */ = {
			isa = XCBuildConfiguration;
			baseConfigurationReference = 89F40B812875F2960035C6F4 /* Development.xcconfig */;
			buildSettings = {
				ALWAYS_EMBED_SWIFT_STANDARD_LIBRARIES = YES;
				CODE_SIGN_STYLE = Automatic;
				CURRENT_PROJECT_VERSION = 1;
				DEVELOPMENT_TEAM = TBXF7RJBHZ;
				GENERATE_INFOPLIST_FILE = YES;
				MARKETING_VERSION = 1.0;
				PRODUCT_BUNDLE_IDENTIFIER = com.furkanerucar.OfficerUITests;
				PRODUCT_NAME = "$(TARGET_NAME)";
				SWIFT_EMIT_LOC_STRINGS = NO;
				SWIFT_VERSION = 5.0;
				TARGETED_DEVICE_FAMILY = "1,2";
				TEST_TARGET_NAME = Officer;
			};
			name = DevelopmentDebug;
		};
		89F40B872875F4CC0035C6F4 /* DevelopmentRelease */ = {
			isa = XCBuildConfiguration;
			baseConfigurationReference = 89F40B812875F2960035C6F4 /* Development.xcconfig */;
			buildSettings = {
				ALWAYS_SEARCH_USER_PATHS = NO;
				CLANG_ANALYZER_NONNULL = YES;
				CLANG_ANALYZER_NUMBER_OBJECT_CONVERSION = YES_AGGRESSIVE;
				CLANG_CXX_LANGUAGE_STANDARD = "gnu++17";
				CLANG_ENABLE_MODULES = YES;
				CLANG_ENABLE_OBJC_ARC = YES;
				CLANG_ENABLE_OBJC_WEAK = YES;
				CLANG_WARN_BLOCK_CAPTURE_AUTORELEASING = YES;
				CLANG_WARN_BOOL_CONVERSION = YES;
				CLANG_WARN_COMMA = YES;
				CLANG_WARN_CONSTANT_CONVERSION = YES;
				CLANG_WARN_DEPRECATED_OBJC_IMPLEMENTATIONS = YES;
				CLANG_WARN_DIRECT_OBJC_ISA_USAGE = YES_ERROR;
				CLANG_WARN_DOCUMENTATION_COMMENTS = YES;
				CLANG_WARN_EMPTY_BODY = YES;
				CLANG_WARN_ENUM_CONVERSION = YES;
				CLANG_WARN_INFINITE_RECURSION = YES;
				CLANG_WARN_INT_CONVERSION = YES;
				CLANG_WARN_NON_LITERAL_NULL_CONVERSION = YES;
				CLANG_WARN_OBJC_IMPLICIT_RETAIN_SELF = YES;
				CLANG_WARN_OBJC_LITERAL_CONVERSION = YES;
				CLANG_WARN_OBJC_ROOT_CLASS = YES_ERROR;
				CLANG_WARN_QUOTED_INCLUDE_IN_FRAMEWORK_HEADER = YES;
				CLANG_WARN_RANGE_LOOP_ANALYSIS = YES;
				CLANG_WARN_STRICT_PROTOTYPES = YES;
				CLANG_WARN_SUSPICIOUS_MOVE = YES;
				CLANG_WARN_UNGUARDED_AVAILABILITY = YES_AGGRESSIVE;
				CLANG_WARN_UNREACHABLE_CODE = YES;
				CLANG_WARN__DUPLICATE_METHOD_MATCH = YES;
				COPY_PHASE_STRIP = NO;
				DEBUG_INFORMATION_FORMAT = "dwarf-with-dsym";
				ENABLE_NS_ASSERTIONS = NO;
				ENABLE_STRICT_OBJC_MSGSEND = YES;
				GCC_C_LANGUAGE_STANDARD = gnu11;
				GCC_NO_COMMON_BLOCKS = YES;
				GCC_WARN_64_TO_32_BIT_CONVERSION = YES;
				GCC_WARN_ABOUT_RETURN_TYPE = YES_ERROR;
				GCC_WARN_UNDECLARED_SELECTOR = YES;
				GCC_WARN_UNINITIALIZED_AUTOS = YES_AGGRESSIVE;
				GCC_WARN_UNUSED_FUNCTION = YES;
				GCC_WARN_UNUSED_VARIABLE = YES;
				IPHONEOS_DEPLOYMENT_TARGET = 15.5;
				MTL_ENABLE_DEBUG_INFO = NO;
				MTL_FAST_MATH = YES;
				SDKROOT = iphoneos;
				SWIFT_COMPILATION_MODE = wholemodule;
				SWIFT_OPTIMIZATION_LEVEL = "-O";
				VALIDATE_PRODUCT = YES;
				VALIDATE_WORKSPACE_SKIPPED_SDK_FRAMEWORKS = "";
			};
			name = DevelopmentRelease;
		};
		89F40B882875F4CC0035C6F4 /* DevelopmentRelease */ = {
			isa = XCBuildConfiguration;
			baseConfigurationReference = 89F40B812875F2960035C6F4 /* Development.xcconfig */;
			buildSettings = {
				ASSETCATALOG_COMPILER_APPICON_NAME = AppIcon;
				ASSETCATALOG_COMPILER_GLOBAL_ACCENT_COLOR_NAME = AccentColor;
				CODE_SIGN_IDENTITY = "iPhone Developer";
				CODE_SIGN_STYLE = Manual;
				CURRENT_PROJECT_VERSION = 1;
				DEVELOPMENT_TEAM = TBXF7RJBHZ;
				GENERATE_INFOPLIST_FILE = YES;
				INFOPLIST_FILE = Officer/Info.plist;
				INFOPLIST_KEY_UIApplicationSupportsIndirectInputEvents = YES;
				INFOPLIST_KEY_UILaunchStoryboardName = LaunchScreen;
				INFOPLIST_KEY_UIMainStoryboardFile = Main;
				INFOPLIST_KEY_UISupportedInterfaceOrientations = UIInterfaceOrientationPortrait;
				INFOPLIST_KEY_UISupportedInterfaceOrientations_iPad = "UIInterfaceOrientationPortrait UIInterfaceOrientationPortraitUpsideDown UIInterfaceOrientationLandscapeLeft UIInterfaceOrientationLandscapeRight";
				INFOPLIST_KEY_UISupportedInterfaceOrientations_iPhone = "UIInterfaceOrientationPortrait UIInterfaceOrientationLandscapeLeft UIInterfaceOrientationLandscapeRight";
				IPHONEOS_DEPLOYMENT_TARGET = 15.5;
				LD_RUNPATH_SEARCH_PATHS = (
					"$(inherited)",
					"@executable_path/Frameworks",
				);
				MARKETING_VERSION = 1.0;
				PRODUCT_BUNDLE_IDENTIFIER = com.furkanerucar.officerDown.dev;
				PRODUCT_NAME = "$(APP_NAME)";
				PROVISIONING_PROFILE_SPECIFIER = "com.furkanerucar.OfficerDown.dev pp";
				SWIFT_EMIT_LOC_STRINGS = YES;
				SWIFT_VERSION = 5.0;
				TARGETED_DEVICE_FAMILY = 1;
			};
			name = DevelopmentRelease;
		};
		89F40B892875F4CC0035C6F4 /* DevelopmentRelease */ = {
			isa = XCBuildConfiguration;
			baseConfigurationReference = 89F40B812875F2960035C6F4 /* Development.xcconfig */;
			buildSettings = {
				ALWAYS_EMBED_SWIFT_STANDARD_LIBRARIES = YES;
				BUNDLE_LOADER = "$(TEST_HOST)";
				CODE_SIGN_STYLE = Automatic;
				CURRENT_PROJECT_VERSION = 1;
				DEVELOPMENT_TEAM = TBXF7RJBHZ;
				GENERATE_INFOPLIST_FILE = YES;
				IPHONEOS_DEPLOYMENT_TARGET = 15.5;
				MARKETING_VERSION = 1.0;
				PRODUCT_BUNDLE_IDENTIFIER = com.furkanerucar.OfficerTests;
				PRODUCT_NAME = "$(TARGET_NAME)";
				SWIFT_EMIT_LOC_STRINGS = NO;
				SWIFT_VERSION = 5.0;
				TARGETED_DEVICE_FAMILY = "1,2";
				TEST_HOST = "$(BUILT_PRODUCTS_DIR)/Officer.app/Officer";
			};
			name = DevelopmentRelease;
		};
		89F40B8A2875F4CC0035C6F4 /* DevelopmentRelease */ = {
			isa = XCBuildConfiguration;
			baseConfigurationReference = 89F40B812875F2960035C6F4 /* Development.xcconfig */;
			buildSettings = {
				ALWAYS_EMBED_SWIFT_STANDARD_LIBRARIES = YES;
				CODE_SIGN_STYLE = Automatic;
				CURRENT_PROJECT_VERSION = 1;
				DEVELOPMENT_TEAM = TBXF7RJBHZ;
				GENERATE_INFOPLIST_FILE = YES;
				MARKETING_VERSION = 1.0;
				PRODUCT_BUNDLE_IDENTIFIER = com.furkanerucar.OfficerUITests;
				PRODUCT_NAME = "$(TARGET_NAME)";
				SWIFT_EMIT_LOC_STRINGS = NO;
				SWIFT_VERSION = 5.0;
				TARGETED_DEVICE_FAMILY = "1,2";
				TEST_TARGET_NAME = Officer;
			};
			name = DevelopmentRelease;
		};
/* End XCBuildConfiguration section */

/* Begin XCConfigurationList section */
		8909FADB28735A0700F84927 /* Build configuration list for PBXProject "Officer" */ = {
			isa = XCConfigurationList;
			buildConfigurations = (
				8909FB0828735A0B00F84927 /* ProductionDebug */,
				89F40B832875F4AA0035C6F4 /* DevelopmentDebug */,
				8909FB0928735A0B00F84927 /* ProductionRelease */,
				89F40B872875F4CC0035C6F4 /* DevelopmentRelease */,
			);
			defaultConfigurationIsVisible = 0;
			defaultConfigurationName = ProductionRelease;
		};
		8909FB0A28735A0B00F84927 /* Build configuration list for PBXNativeTarget "Officer" */ = {
			isa = XCConfigurationList;
			buildConfigurations = (
				8909FB0B28735A0B00F84927 /* ProductionDebug */,
				89F40B842875F4AA0035C6F4 /* DevelopmentDebug */,
				8909FB0C28735A0B00F84927 /* ProductionRelease */,
				89F40B882875F4CC0035C6F4 /* DevelopmentRelease */,
			);
			defaultConfigurationIsVisible = 0;
			defaultConfigurationName = ProductionRelease;
		};
		8909FB0D28735A0B00F84927 /* Build configuration list for PBXNativeTarget "OfficerTests" */ = {
			isa = XCConfigurationList;
			buildConfigurations = (
				8909FB0E28735A0B00F84927 /* ProductionDebug */,
				89F40B852875F4AA0035C6F4 /* DevelopmentDebug */,
				8909FB0F28735A0B00F84927 /* ProductionRelease */,
				89F40B892875F4CC0035C6F4 /* DevelopmentRelease */,
			);
			defaultConfigurationIsVisible = 0;
			defaultConfigurationName = ProductionRelease;
		};
		8909FB1028735A0B00F84927 /* Build configuration list for PBXNativeTarget "OfficerUITests" */ = {
			isa = XCConfigurationList;
			buildConfigurations = (
				8909FB1128735A0B00F84927 /* ProductionDebug */,
				89F40B862875F4AA0035C6F4 /* DevelopmentDebug */,
				8909FB1228735A0B00F84927 /* ProductionRelease */,
				89F40B8A2875F4CC0035C6F4 /* DevelopmentRelease */,
			);
			defaultConfigurationIsVisible = 0;
			defaultConfigurationName = ProductionRelease;
		};
/* End XCConfigurationList section */

/* Begin XCRemoteSwiftPackageReference section */
		89DF91A8289BD2C20053B86B /* XCRemoteSwiftPackageReference "SDWebImage" */ = {
			isa = XCRemoteSwiftPackageReference;
			repositoryURL = "https://github.com/SDWebImage/SDWebImage";
			requirement = {
				kind = exactVersion;
				version = 5.9.5;
			};
		};
/* End XCRemoteSwiftPackageReference section */

/* Begin XCSwiftPackageProductDependency section */
		89DF91A9289BD2C20053B86B /* SDWebImage */ = {
			isa = XCSwiftPackageProductDependency;
			package = 89DF91A8289BD2C20053B86B /* XCRemoteSwiftPackageReference "SDWebImage" */;
			productName = SDWebImage;
		};
		89DF91AB289BD2C20053B86B /* SDWebImageMapKit */ = {
			isa = XCSwiftPackageProductDependency;
			package = 89DF91A8289BD2C20053B86B /* XCRemoteSwiftPackageReference "SDWebImage" */;
			productName = SDWebImageMapKit;
		};
/* End XCSwiftPackageProductDependency section */

/* Begin XCVersionGroup section */
		898BAA4B28A66893001990FC /* Officer.xcdatamodeld */ = {
			isa = XCVersionGroup;
			children = (
				898BAA4C28A66893001990FC /* Officer.xcdatamodel */,
			);
			currentVersion = 898BAA4C28A66893001990FC /* Officer.xcdatamodel */;
			path = Officer.xcdatamodeld;
			sourceTree = "<group>";
			versionGroupType = wrapper.xcdatamodel;
		};
/* End XCVersionGroup section */
	};
	rootObject = 8909FAD828735A0700F84927 /* Project object */;
}
